# This file is automatically @generated by Wally.
# It is not intended for manual editing.
registry = "test"

[[package]]
name = "rbxts-libraries/rbxts-signal-plus"
version = "0.1.0"
dependencies = [["Signal", "robloxiandemo/signal@0.1.9"]]

[[package]]
name = "robloxiandemo/cleanser"
version = "0.1.8"
dependencies = []

[[package]]
name = "robloxiandemo/signal"
version = "0.1.9"
dependencies = [["Cleanser", "robloxiandemo/cleanser@0.1.8"]]
