# This file is generated by running "yarn install" inside your project.
# Manual changes might be lost - proceed with caution!

__metadata:
  version: 6
  cacheKey: 8

"@rbxts/compiler-types@npm:^2.1.1-types.0":
  version: 2.1.1-types.0
  resolution: "@rbxts/compiler-types@npm:2.1.1-types.0"
  checksum: 33faef7eba7b59fcc690b7436b7af1d2301e9e9a9e314d0c6624f97e4168b40d85f205170106e544d04f2fd0aefd9dc0be60adab0ac7698c4c508655837ab468
  languageName: node
  linkType: hard

"@rbxts/services@npm:^1.5.1":
  version: 1.5.1
  resolution: "@rbxts/services@npm:1.5.1"
  checksum: 29eb831830aecf4e5e7a6987c972c053020e3083b6c773afb0642de1a22c3b00654a3166e4b79601dccf9deafaede30b56089ab9465f33283370ebeb5632c807
  languageName: node
  linkType: hard

"@rbxts/signal-plus@workspace:.":
  version: 0.0.0-use.local
  resolution: "@rbxts/signal-plus@workspace:."
  dependencies:
    "@rbxts/compiler-types": ^2.1.1-types.0
    "@rbxts/services": ^1.5.1
    "@rbxts/types": ^1.0.712
  languageName: unknown
  linkType: soft

"@rbxts/types@npm:^1.0.712":
  version: 1.0.712
  resolution: "@rbxts/types@npm:1.0.712"
  checksum: e72fbd64ef33cd855be0249f4e5aafde92eca764900354bff494c1187e670504585bc128a23f4bbd81556ecae488a840b6948f13968a38e58eb4ae0fbd40cb11
  languageName: node
  linkType: hard
